
Microsoft Visual Studio Solution File, Format Version 12.00
# Visual Studio Version 17
VisualStudioVersion = 17.2.32519.379
MinimumVisualStudioVersion = 10.0.40219.1
Project("{FAE04EC0-301F-11D3-BF4B-00C04F79EFBC}") = "Financeira", "Financeira.csproj", "{AA8AD3E4-0246-47BA-9262-3E50263B55C8}"
EndProject
Global
	GlobalSection(SolutionConfigurationPlatforms) = preSolution
		Debug|Any CPU = Debug|Any CPU
		Release|Any CPU = Release|Any CPU
	EndGlobalSection
	GlobalSection(ProjectConfigurationPlatforms) = postSolution
		{AA8AD3E4-0246-47BA-9262-3E50263B55C8}.Debug|Any CPU.ActiveCfg = Debug|Any CPU
		{AA8AD3E4-0246-47BA-9262-3E50263B55C8}.Debug|Any CPU.Build.0 = Debug|Any CPU
		{AA8AD3E4-0246-47BA-9262-3E50263B55C8}.Release|Any CPU.ActiveCfg = Release|Any CPU
		{AA8AD3E4-0246-47BA-9262-3E50263B55C8}.Release|Any CPU.Build.0 = Release|Any CPU
	EndGlobalSection
	GlobalSection(SolutionProperties) = preSolution
		HideSolutionNode = FALSE
	EndGlobalSection
	GlobalSection(ExtensibilityGlobals) = postSolution
		SolutionGuid = {29415FB5-840A-4AFC-8106-F88FB538506E}
	EndGlobalSection
EndGlobal
